# This file is automatically @generated by Cargo.
# It is not intended for manual editing.
version = 4

[[package]]
name = "asr-api"
version = "0.1.0"

[[package]]
name = "audio-pipeline"
version = "0.1.0"

[[package]]
name = "dictation-core"
version = "0.1.0"
dependencies = [
 "asr-api",
 "postprocess",
]

[[package]]
name = "ffi"
version = "0.1.0"
dependencies = [
 "dictation-core",
]

[[package]]
name = "model-pack"
version = "0.1.0"

[[package]]
name = "postprocess"
version = "0.1.0"
